
Microsoft Visual Studio Solution File, Format Version 12.00
Project("{FAE04EC0-301F-11D3-BF4B-00C04F79EFBC}") = "Desafio001", "Desafio001\Desafio001.csproj", "{E6873909-F674-44C4-9754-8579519E4E72}"
EndProject
Project("{FAE04EC0-301F-11D3-BF4B-00C04F79EFBC}") = "Desafio002", "Desafio002\Desafio002.csproj", "{71F4DE9A-CBAD-419A-979C-0D63A21EF98A}"
EndProject
Project("{FAE04EC0-301F-11D3-BF4B-00C04F79EFBC}") = "Desafio003", "Desafio003\Desafio003.csproj", "{4FDDBBD5-5C09-4D57-9FB4-87F2C8E0EEB0}"
EndProject
Project("{FAE04EC0-301F-11D3-BF4B-00C04F79EFBC}") = "Desafio004", "Desafio004\Desafio004.csproj", "{A135D02F-1C70-4BCB-9441-85D4EDB193CA}"
EndProject
Project("{FAE04EC0-301F-11D3-BF4B-00C04F79EFBC}") = "Desafio005", "Desafio005\Desafio005.csproj", "{4F0F419C-36B1-4882-BE37-912E3AE3786D}"
EndProject
Project("{FAE04EC0-301F-11D3-BF4B-00C04F79EFBC}") = "Desafio006", "Desafio006\Desafio006.csproj", "{84530633-7412-4169-A986-A406532F896A}"
EndProject
Project("{FAE04EC0-301F-11D3-BF4B-00C04F79EFBC}") = "Desafio007", "Desafio007\Desafio007.csproj", "{CA1ACD39-68C3-4843-8B8F-509B2C1B6879}"
EndProject
Project("{FAE04EC0-301F-11D3-BF4B-00C04F79EFBC}") = "Desafio008", "Desafio008\Desafio008.csproj", "{165037BC-6B16-4545-BF24-37A7D79D2A6F}"
EndProject
Project("{FAE04EC0-301F-11D3-BF4B-00C04F79EFBC}") = "Desafio009", "Desafio009\Desafio009.csproj", "{F011752F-3C63-4F76-ACA8-C82C2853457B}"
EndProject
Project("{FAE04EC0-301F-11D3-BF4B-00C04F79EFBC}") = "Desafio011", "Desafio011\Desafio011.csproj", "{C952655B-E8F3-4844-8060-DCF884D40E15}"
EndProject
Project("{FAE04EC0-301F-11D3-BF4B-00C04F79EFBC}") = "Desafio012", "Desafio012\Desafio012.csproj", "{4C7C4993-68AF-41E2-9B96-67A359EEC357}"
EndProject
Project("{FAE04EC0-301F-11D3-BF4B-00C04F79EFBC}") = "Desafio013", "Desafio013\Desafio013.csproj", "{81DA1C7B-CA43-4FD9-975C-2F0D24FBDCAA}"
EndProject
Project("{FAE04EC0-301F-11D3-BF4B-00C04F79EFBC}") = "Desafio014", "Desafio014\Desafio014.csproj", "{432090FF-97A6-44BD-84CF-A8E62622313F}"
EndProject
Global
	GlobalSection(SolutionConfigurationPlatforms) = preSolution
		Debug|Any CPU = Debug|Any CPU
		Release|Any CPU = Release|Any CPU
	EndGlobalSection
	GlobalSection(ProjectConfigurationPlatforms) = postSolution
		{E6873909-F674-44C4-9754-8579519E4E72}.Debug|Any CPU.ActiveCfg = Debug|Any CPU
		{E6873909-F674-44C4-9754-8579519E4E72}.Debug|Any CPU.Build.0 = Debug|Any CPU
		{E6873909-F674-44C4-9754-8579519E4E72}.Release|Any CPU.ActiveCfg = Release|Any CPU
		{E6873909-F674-44C4-9754-8579519E4E72}.Release|Any CPU.Build.0 = Release|Any CPU
		{71F4DE9A-CBAD-419A-979C-0D63A21EF98A}.Debug|Any CPU.ActiveCfg = Debug|Any CPU
		{71F4DE9A-CBAD-419A-979C-0D63A21EF98A}.Debug|Any CPU.Build.0 = Debug|Any CPU
		{71F4DE9A-CBAD-419A-979C-0D63A21EF98A}.Release|Any CPU.ActiveCfg = Release|Any CPU
		{71F4DE9A-CBAD-419A-979C-0D63A21EF98A}.Release|Any CPU.Build.0 = Release|Any CPU
		{4FDDBBD5-5C09-4D57-9FB4-87F2C8E0EEB0}.Debug|Any CPU.ActiveCfg = Debug|Any CPU
		{4FDDBBD5-5C09-4D57-9FB4-87F2C8E0EEB0}.Debug|Any CPU.Build.0 = Debug|Any CPU
		{4FDDBBD5-5C09-4D57-9FB4-87F2C8E0EEB0}.Release|Any CPU.ActiveCfg = Release|Any CPU
		{4FDDBBD5-5C09-4D57-9FB4-87F2C8E0EEB0}.Release|Any CPU.Build.0 = Release|Any CPU
		{A135D02F-1C70-4BCB-9441-85D4EDB193CA}.Debug|Any CPU.ActiveCfg = Debug|Any CPU
		{A135D02F-1C70-4BCB-9441-85D4EDB193CA}.Debug|Any CPU.Build.0 = Debug|Any CPU
		{A135D02F-1C70-4BCB-9441-85D4EDB193CA}.Release|Any CPU.ActiveCfg = Release|Any CPU
		{A135D02F-1C70-4BCB-9441-85D4EDB193CA}.Release|Any CPU.Build.0 = Release|Any CPU
		{4F0F419C-36B1-4882-BE37-912E3AE3786D}.Debug|Any CPU.ActiveCfg = Debug|Any CPU
		{4F0F419C-36B1-4882-BE37-912E3AE3786D}.Debug|Any CPU.Build.0 = Debug|Any CPU
		{4F0F419C-36B1-4882-BE37-912E3AE3786D}.Release|Any CPU.ActiveCfg = Release|Any CPU
		{4F0F419C-36B1-4882-BE37-912E3AE3786D}.Release|Any CPU.Build.0 = Release|Any CPU
		{84530633-7412-4169-A986-A406532F896A}.Debug|Any CPU.ActiveCfg = Debug|Any CPU
		{84530633-7412-4169-A986-A406532F896A}.Debug|Any CPU.Build.0 = Debug|Any CPU
		{84530633-7412-4169-A986-A406532F896A}.Release|Any CPU.ActiveCfg = Release|Any CPU
		{84530633-7412-4169-A986-A406532F896A}.Release|Any CPU.Build.0 = Release|Any CPU
		{CA1ACD39-68C3-4843-8B8F-509B2C1B6879}.Debug|Any CPU.ActiveCfg = Debug|Any CPU
		{CA1ACD39-68C3-4843-8B8F-509B2C1B6879}.Debug|Any CPU.Build.0 = Debug|Any CPU
		{CA1ACD39-68C3-4843-8B8F-509B2C1B6879}.Release|Any CPU.ActiveCfg = Release|Any CPU
		{CA1ACD39-68C3-4843-8B8F-509B2C1B6879}.Release|Any CPU.Build.0 = Release|Any CPU
		{165037BC-6B16-4545-BF24-37A7D79D2A6F}.Debug|Any CPU.ActiveCfg = Debug|Any CPU
		{165037BC-6B16-4545-BF24-37A7D79D2A6F}.Debug|Any CPU.Build.0 = Debug|Any CPU
		{165037BC-6B16-4545-BF24-37A7D79D2A6F}.Release|Any CPU.ActiveCfg = Release|Any CPU
		{165037BC-6B16-4545-BF24-37A7D79D2A6F}.Release|Any CPU.Build.0 = Release|Any CPU
		{F011752F-3C63-4F76-ACA8-C82C2853457B}.Debug|Any CPU.ActiveCfg = Debug|Any CPU
		{F011752F-3C63-4F76-ACA8-C82C2853457B}.Debug|Any CPU.Build.0 = Debug|Any CPU
		{F011752F-3C63-4F76-ACA8-C82C2853457B}.Release|Any CPU.ActiveCfg = Release|Any CPU
		{F011752F-3C63-4F76-ACA8-C82C2853457B}.Release|Any CPU.Build.0 = Release|Any CPU
		{C952655B-E8F3-4844-8060-DCF884D40E15}.Debug|Any CPU.ActiveCfg = Debug|Any CPU
		{C952655B-E8F3-4844-8060-DCF884D40E15}.Debug|Any CPU.Build.0 = Debug|Any CPU
		{C952655B-E8F3-4844-8060-DCF884D40E15}.Release|Any CPU.ActiveCfg = Release|Any CPU
		{C952655B-E8F3-4844-8060-DCF884D40E15}.Release|Any CPU.Build.0 = Release|Any CPU
		{4C7C4993-68AF-41E2-9B96-67A359EEC357}.Debug|Any CPU.ActiveCfg = Debug|Any CPU
		{4C7C4993-68AF-41E2-9B96-67A359EEC357}.Debug|Any CPU.Build.0 = Debug|Any CPU
		{4C7C4993-68AF-41E2-9B96-67A359EEC357}.Release|Any CPU.ActiveCfg = Release|Any CPU
		{4C7C4993-68AF-41E2-9B96-67A359EEC357}.Release|Any CPU.Build.0 = Release|Any CPU
		{81DA1C7B-CA43-4FD9-975C-2F0D24FBDCAA}.Debug|Any CPU.ActiveCfg = Debug|Any CPU
		{81DA1C7B-CA43-4FD9-975C-2F0D24FBDCAA}.Debug|Any CPU.Build.0 = Debug|Any CPU
		{81DA1C7B-CA43-4FD9-975C-2F0D24FBDCAA}.Release|Any CPU.ActiveCfg = Release|Any CPU
		{81DA1C7B-CA43-4FD9-975C-2F0D24FBDCAA}.Release|Any CPU.Build.0 = Release|Any CPU
		{432090FF-97A6-44BD-84CF-A8E62622313F}.Debug|Any CPU.ActiveCfg = Debug|Any CPU
		{432090FF-97A6-44BD-84CF-A8E62622313F}.Debug|Any CPU.Build.0 = Debug|Any CPU
		{432090FF-97A6-44BD-84CF-A8E62622313F}.Release|Any CPU.ActiveCfg = Release|Any CPU
		{432090FF-97A6-44BD-84CF-A8E62622313F}.Release|Any CPU.Build.0 = Release|Any CPU
	EndGlobalSection
EndGlobal
